{
  "name": ".opencode",
  "lockfileVersion": 3,
  "requires": true,
  "packages": {
    "": {
      "dependencies": {
        "@opencode-ai/plugin": "1.2.15",
        "dotenv": "^16.4.0"
      }
    },
    "node_modules/@opencode-ai/plugin": {
      "version": "1.2.15",
      "license": "MIT",
      "dependencies": {
        "@opencode-ai/sdk": "1.2.15",
        "zod": "4.1.8"
      }
    },
    "node_modules/@opencode-ai/sdk": {
      "version": "1.2.15",
      "license": "MIT"
    },
    "node_modules/dotenv": {
      "version": "16.6.1",
      "license": "BSD-2-Clause",
      "engines": {
        "node": ">=12"
      },
      "funding": {
        "url": "https://dotenvx.com"
      }
    },
    "node_modules/zod": {
      "version": "4.1.8",
      "license": "MIT",
      "funding": {
        "url": "https://github.com/sponsors/colinhacks"
      }
    }
  }
}
